{
  "name": "pwl-chat-uniapp",
  "lockfileVersion": 2,
  "requires": true,
  "packages": {
    "": {
      "dependencies": {
        "@hyoga/uni-socket.io": "^3.0.4"
      },
      "devDependencies": {
        "spark-md5": "^3.0.2"
      }
    },
    "node_modules/@hyoga/uni-socket.io": {
      "version": "3.0.4",
      "resolved": "https://registry.npmjs.org/@hyoga/uni-socket.io/-/uni-socket.io-3.0.4.tgz",
      "integrity": "sha512-m04M/ALXpTWcKoJGPDMzJosmzuopyAXF51DFN/qxLyXnbCFeQwsWOXT/XNLl4aWoBVGwQ7IptECFFRCA6z5C8A=="
    },
    "node_modules/spark-md5": {
      "version": "3.0.2",
      "resolved": "https://registry.npmjs.org/spark-md5/-/spark-md5-3.0.2.tgz",
      "integrity": "sha512-wcFzz9cDfbuqe0FZzfi2or1sgyIrsDwmPwfZC4hiNidPdPINjeUwNfv5kldczoEAcjl9Y1L3SM7Uz2PUEQzxQw==",
      "dev": true
    }
  },
  "dependencies": {
    "@hyoga/uni-socket.io": {
      "version": "3.0.4",
      "resolved": "https://registry.npmjs.org/@hyoga/uni-socket.io/-/uni-socket.io-3.0.4.tgz",
      "integrity": "sha512-m04M/ALXpTWcKoJGPDMzJosmzuopyAXF51DFN/qxLyXnbCFeQwsWOXT/XNLl4aWoBVGwQ7IptECFFRCA6z5C8A=="
    },
    "spark-md5": {
      "version": "3.0.2",
      "resolved": "https://registry.npmjs.org/spark-md5/-/spark-md5-3.0.2.tgz",
      "integrity": "sha512-wcFzz9cDfbuqe0FZzfi2or1sgyIrsDwmPwfZC4hiNidPdPINjeUwNfv5kldczoEAcjl9Y1L3SM7Uz2PUEQzxQw==",
      "dev": true
    }
  }
}
