{
  "requires": true,
  "lockfileVersion": 1,
  "dependencies": {
    "axios": {
      "version": "0.24.0",
      "resolved": "https://registry.npmmirror.com/axios/download/axios-0.24.0.tgz?cache=0&sync_timestamp=1635213986012&other_urls=https%3A%2F%2Fregistry.npmmirror.com%2Faxios%2Fdownload%2Faxios-0.24.0.tgz",
      "integrity": "sha1-gE5voeS5xSiFAd2d/1anoJQNINY=",
      "requires": {
        "follow-redirects": "^1.14.4"
      }
    },
    "follow-redirects": {
      "version": "1.14.5",
      "resolved": "https://registry.npmmirror.com/follow-redirects/download/follow-redirects-1.14.5.tgz",
      "integrity": "sha1-8JpYSJgdPHcrU5Iwl3hSP42Fw4E="
    },
    "https": {
      "version": "1.0.0",
      "resolved": "https://registry.npm.taobao.org/https/download/https-1.0.0.tgz",
      "integrity": "sha1-PDfHrhqO65ZpBKKtHpdaGUt+06Q=",
      "dev": true
    },
    "spark-md5": {
      "version": "3.0.2",
      "resolved": "https://registry.nlark.com/spark-md5/download/spark-md5-3.0.2.tgz",
      "integrity": "sha1-eVLEoweENHq87nMmjkc7nAFn4/w="
    }
  }
}
